
Microsoft Visual Studio Solution File, Format Version 12.00
# Visual Studio 15
VisualStudioVersion = 15.0.28307.168
MinimumVisualStudioVersion = 10.0.40219.1
Project("{9A19103F-16F7-4668-BE54-9A1E7A4F7556}") = "AspNetCore_WebAPITest", "AspNetCore_WebAPITest\AspNetCore_WebAPITest.csproj", "{9FC1EEFC-65CA-49F5-A17B-687E04DE55D1}"
EndProject
Project("{E53339B2-1760-4266-BCC7-CA923CBCF16C}") = "docker-compose", "docker-compose.dcproj", "{5B4711B5-139F-4962-A1FC-0E4B08C90E3D}"
EndProject
Global
	GlobalSection(SolutionConfigurationPlatforms) = preSolution
		Debug|Any CPU = Debug|Any CPU
		Release|Any CPU = Release|Any CPU
	EndGlobalSection
	GlobalSection(ProjectConfigurationPlatforms) = postSolution
		{9FC1EEFC-65CA-49F5-A17B-687E04DE55D1}.Debug|Any CPU.ActiveCfg = Debug|Any CPU
		{9FC1EEFC-65CA-49F5-A17B-687E04DE55D1}.Debug|Any CPU.Build.0 = Debug|Any CPU
		{9FC1EEFC-65CA-49F5-A17B-687E04DE55D1}.Release|Any CPU.ActiveCfg = Release|Any CPU
		{9FC1EEFC-65CA-49F5-A17B-687E04DE55D1}.Release|Any CPU.Build.0 = Release|Any CPU
		{5B4711B5-139F-4962-A1FC-0E4B08C90E3D}.Debug|Any CPU.ActiveCfg = Debug|Any CPU
		{5B4711B5-139F-4962-A1FC-0E4B08C90E3D}.Debug|Any CPU.Build.0 = Debug|Any CPU
		{5B4711B5-139F-4962-A1FC-0E4B08C90E3D}.Release|Any CPU.ActiveCfg = Release|Any CPU
		{5B4711B5-139F-4962-A1FC-0E4B08C90E3D}.Release|Any CPU.Build.0 = Release|Any CPU
	EndGlobalSection
	GlobalSection(SolutionProperties) = preSolution
		HideSolutionNode = FALSE
	EndGlobalSection
	GlobalSection(ExtensibilityGlobals) = postSolution
		SolutionGuid = {19A3C91F-ED40-4A18-A153-B849EF26433D}
	EndGlobalSection
EndGlobal
